
Microsoft Visual Studio Solution File, Format Version 12.00
# Visual Studio Version 16
VisualStudioVersion = 16.0.29324.140
MinimumVisualStudioVersion = 10.0.40219.1
Project("{FAE04EC0-301F-11D3-BF4B-00C04F79EFBC}") = "week05", "week05.csproj", "{AA812A38-4838-4DBD-8D1C-7A1576299E06}"
EndProject
Global
	GlobalSection(SolutionConfigurationPlatforms) = preSolution
		Debug|Any CPU = Debug|Any CPU
		Release|Any CPU = Release|Any CPU
	EndGlobalSection
	GlobalSection(ProjectConfigurationPlatforms) = postSolution
		{AA812A38-4838-4DBD-8D1C-7A1576299E06}.Debug|Any CPU.ActiveCfg = Debug|Any CPU
		{AA812A38-4838-4DBD-8D1C-7A1576299E06}.Debug|Any CPU.Build.0 = Debug|Any CPU
		{AA812A38-4838-4DBD-8D1C-7A1576299E06}.Release|Any CPU.ActiveCfg = Release|Any CPU
		{AA812A38-4838-4DBD-8D1C-7A1576299E06}.Release|Any CPU.Build.0 = Release|Any CPU
	EndGlobalSection
	GlobalSection(SolutionProperties) = preSolution
		HideSolutionNode = FALSE
	EndGlobalSection
	GlobalSection(ExtensibilityGlobals) = postSolution
		SolutionGuid = {629D903A-8666-4FE5-AE25-9D9749A339F5}
	EndGlobalSection
EndGlobal
